
Microsoft Visual Studio Solution File, Format Version 12.00
# Visual Studio 14
VisualStudioVersion = 14.0.25123.0
MinimumVisualStudioVersion = 10.0.40219.1
Project("{FAE04EC0-301F-11D3-BF4B-00C04F79EFBC}") = "Behrens System", "Behrens System\Behrens System.csproj", "{0463CB1D-2ACC-4F43-A027-3CC34E2F1F91}"
	ProjectSection(ProjectDependencies) = postProject
		{41D124BE-066F-4DCF-BBDF-0CC576432C64} = {41D124BE-066F-4DCF-BBDF-0CC576432C64}
	EndProjectSection
EndProject
Project("{FAE04EC0-301F-11D3-BF4B-00C04F79EFBC}") = "ToDoService", "ToDoService\ToDoService.csproj", "{41D124BE-066F-4DCF-BBDF-0CC576432C64}"
EndProject
Global
	GlobalSection(SolutionConfigurationPlatforms) = preSolution
		Debug|Any CPU = Debug|Any CPU
		Debug|ARM = Debug|ARM
		Debug|x64 = Debug|x64
		Debug|x86 = Debug|x86
		Release|Any CPU = Release|Any CPU
		Release|ARM = Release|ARM
		Release|x64 = Release|x64
		Release|x86 = Release|x86
	EndGlobalSection
	GlobalSection(ProjectConfigurationPlatforms) = postSolution
		{0463CB1D-2ACC-4F43-A027-3CC34E2F1F91}.Debug|Any CPU.ActiveCfg = Debug|x86
		{0463CB1D-2ACC-4F43-A027-3CC34E2F1F91}.Debug|ARM.ActiveCfg = Debug|ARM
		{0463CB1D-2ACC-4F43-A027-3CC34E2F1F91}.Debug|ARM.Build.0 = Debug|ARM
		{0463CB1D-2ACC-4F43-A027-3CC34E2F1F91}.Debug|ARM.Deploy.0 = Debug|ARM
		{0463CB1D-2ACC-4F43-A027-3CC34E2F1F91}.Debug|x64.ActiveCfg = Debug|x64
		{0463CB1D-2ACC-4F43-A027-3CC34E2F1F91}.Debug|x64.Build.0 = Debug|x64
		{0463CB1D-2ACC-4F43-A027-3CC34E2F1F91}.Debug|x64.Deploy.0 = Debug|x64
		{0463CB1D-2ACC-4F43-A027-3CC34E2F1F91}.Debug|x86.ActiveCfg = Debug|x86
		{0463CB1D-2ACC-4F43-A027-3CC34E2F1F91}.Debug|x86.Build.0 = Debug|x86
		{0463CB1D-2ACC-4F43-A027-3CC34E2F1F91}.Debug|x86.Deploy.0 = Debug|x86
		{0463CB1D-2ACC-4F43-A027-3CC34E2F1F91}.Release|Any CPU.ActiveCfg = Release|x86
		{0463CB1D-2ACC-4F43-A027-3CC34E2F1F91}.Release|ARM.ActiveCfg = Release|ARM
		{0463CB1D-2ACC-4F43-A027-3CC34E2F1F91}.Release|ARM.Build.0 = Release|ARM
		{0463CB1D-2ACC-4F43-A027-3CC34E2F1F91}.Release|ARM.Deploy.0 = Release|ARM
		{0463CB1D-2ACC-4F43-A027-3CC34E2F1F91}.Release|x64.ActiveCfg = Release|x64
		{0463CB1D-2ACC-4F43-A027-3CC34E2F1F91}.Release|x64.Build.0 = Release|x64
		{0463CB1D-2ACC-4F43-A027-3CC34E2F1F91}.Release|x64.Deploy.0 = Release|x64
		{0463CB1D-2ACC-4F43-A027-3CC34E2F1F91}.Release|x86.ActiveCfg = Release|x86
		{0463CB1D-2ACC-4F43-A027-3CC34E2F1F91}.Release|x86.Build.0 = Release|x86
		{0463CB1D-2ACC-4F43-A027-3CC34E2F1F91}.Release|x86.Deploy.0 = Release|x86
		{41D124BE-066F-4DCF-BBDF-0CC576432C64}.Debug|Any CPU.ActiveCfg = Debug|Any CPU
		{41D124BE-066F-4DCF-BBDF-0CC576432C64}.Debug|Any CPU.Build.0 = Debug|Any CPU
		{41D124BE-066F-4DCF-BBDF-0CC576432C64}.Debug|ARM.ActiveCfg = Debug|Any CPU
		{41D124BE-066F-4DCF-BBDF-0CC576432C64}.Debug|ARM.Build.0 = Debug|Any CPU
		{41D124BE-066F-4DCF-BBDF-0CC576432C64}.Debug|x64.ActiveCfg = Debug|Any CPU
		{41D124BE-066F-4DCF-BBDF-0CC576432C64}.Debug|x64.Build.0 = Debug|Any CPU
		{41D124BE-066F-4DCF-BBDF-0CC576432C64}.Debug|x86.ActiveCfg = Debug|Any CPU
		{41D124BE-066F-4DCF-BBDF-0CC576432C64}.Debug|x86.Build.0 = Debug|Any CPU
		{41D124BE-066F-4DCF-BBDF-0CC576432C64}.Release|Any CPU.ActiveCfg = Release|Any CPU
		{41D124BE-066F-4DCF-BBDF-0CC576432C64}.Release|Any CPU.Build.0 = Release|Any CPU
		{41D124BE-066F-4DCF-BBDF-0CC576432C64}.Release|ARM.ActiveCfg = Release|Any CPU
		{41D124BE-066F-4DCF-BBDF-0CC576432C64}.Release|ARM.Build.0 = Release|Any CPU
		{41D124BE-066F-4DCF-BBDF-0CC576432C64}.Release|x64.ActiveCfg = Release|Any CPU
		{41D124BE-066F-4DCF-BBDF-0CC576432C64}.Release|x64.Build.0 = Release|Any CPU
		{41D124BE-066F-4DCF-BBDF-0CC576432C64}.Release|x86.ActiveCfg = Release|Any CPU
		{41D124BE-066F-4DCF-BBDF-0CC576432C64}.Release|x86.Build.0 = Release|Any CPU
	EndGlobalSection
	GlobalSection(SolutionProperties) = preSolution
		HideSolutionNode = FALSE
	EndGlobalSection
EndGlobal
